
Microsoft Visual Studio Solution File, Format Version 12.00
# Visual Studio Version 17
VisualStudioVersion = 17.10.35013.160
MinimumVisualStudioVersion = 10.0.40219.1
Project("{9A19103F-16F7-4668-BE54-9A1E7A4F7556}") = "CodingTracker.ukpagrace", "CodingTracker.ukpagrace\CodingTracker.ukpagrace.csproj", "{4AC23B1E-82BA-4653-83F0-D50BE9CD1A93}"
EndProject
Project("{FAE04EC0-301F-11D3-BF4B-00C04F79EFBC}") = "DatabaseLibrary", "DatabaseLibrary\DatabaseLibrary.csproj", "{03DAE1E2-DE39-44CF-AF93-CC563446BE95}"
EndProject
Project("{FAE04EC0-301F-11D3-BF4B-00C04F79EFBC}") = "Application.Entities", "Application.Entities\Application.Entities.csproj", "{F22440DB-B353-4DE5-A99E-6C6FE7004659}"
EndProject
Global
	GlobalSection(SolutionConfigurationPlatforms) = preSolution
		Debug|Any CPU = Debug|Any CPU
		Release|Any CPU = Release|Any CPU
	EndGlobalSection
	GlobalSection(ProjectConfigurationPlatforms) = postSolution
		{4AC23B1E-82BA-4653-83F0-D50BE9CD1A93}.Debug|Any CPU.ActiveCfg = Debug|Any CPU
		{4AC23B1E-82BA-4653-83F0-D50BE9CD1A93}.Debug|Any CPU.Build.0 = Debug|Any CPU
		{4AC23B1E-82BA-4653-83F0-D50BE9CD1A93}.Release|Any CPU.ActiveCfg = Release|Any CPU
		{4AC23B1E-82BA-4653-83F0-D50BE9CD1A93}.Release|Any CPU.Build.0 = Release|Any CPU
		{03DAE1E2-DE39-44CF-AF93-CC563446BE95}.Debug|Any CPU.ActiveCfg = Debug|Any CPU
		{03DAE1E2-DE39-44CF-AF93-CC563446BE95}.Debug|Any CPU.Build.0 = Debug|Any CPU
		{03DAE1E2-DE39-44CF-AF93-CC563446BE95}.Release|Any CPU.ActiveCfg = Release|Any CPU
		{03DAE1E2-DE39-44CF-AF93-CC563446BE95}.Release|Any CPU.Build.0 = Release|Any CPU
		{F22440DB-B353-4DE5-A99E-6C6FE7004659}.Debug|Any CPU.ActiveCfg = Debug|Any CPU
		{F22440DB-B353-4DE5-A99E-6C6FE7004659}.Debug|Any CPU.Build.0 = Debug|Any CPU
		{F22440DB-B353-4DE5-A99E-6C6FE7004659}.Release|Any CPU.ActiveCfg = Release|Any CPU
		{F22440DB-B353-4DE5-A99E-6C6FE7004659}.Release|Any CPU.Build.0 = Release|Any CPU
	EndGlobalSection
	GlobalSection(SolutionProperties) = preSolution
		HideSolutionNode = FALSE
	EndGlobalSection
	GlobalSection(ExtensibilityGlobals) = postSolution
		SolutionGuid = {FAD2245B-8A81-45AF-A946-A975925BCE21}
	EndGlobalSection
EndGlobal
