
Microsoft Visual Studio Solution File, Format Version 12.00
# Visual Studio Version 17
VisualStudioVersion = 17.7.34003.232
MinimumVisualStudioVersion = 10.0.40219.1
Project("{FAE04EC0-301F-11D3-BF4B-00C04F79EFBC}") = "CodeTracker", "CodeTracker\CodeTracker.csproj", "{3D3DF6F6-4311-470E-B7F4-2DAE1B80DF32}"
EndProject
Global
	GlobalSection(SolutionConfigurationPlatforms) = preSolution
		Debug|Any CPU = Debug|Any CPU
		Release|Any CPU = Release|Any CPU
	EndGlobalSection
	GlobalSection(ProjectConfigurationPlatforms) = postSolution
		{3D3DF6F6-4311-470E-B7F4-2DAE1B80DF32}.Debug|Any CPU.ActiveCfg = Debug|Any CPU
		{3D3DF6F6-4311-470E-B7F4-2DAE1B80DF32}.Debug|Any CPU.Build.0 = Debug|Any CPU
		{3D3DF6F6-4311-470E-B7F4-2DAE1B80DF32}.Release|Any CPU.ActiveCfg = Release|Any CPU
		{3D3DF6F6-4311-470E-B7F4-2DAE1B80DF32}.Release|Any CPU.Build.0 = Release|Any CPU
	EndGlobalSection
	GlobalSection(SolutionProperties) = preSolution
		HideSolutionNode = FALSE
	EndGlobalSection
	GlobalSection(ExtensibilityGlobals) = postSolution
		SolutionGuid = {D2AED44C-8DF6-4DD6-8FE4-57E468FD4AA6}
	EndGlobalSection
EndGlobal
