
Microsoft Visual Studio Solution File, Format Version 12.00
# Visual Studio Version 16
VisualStudioVersion = 25.0.1706.0
MinimumVisualStudioVersion = 10.0.40219.1
Project("{FAE04EC0-301F-11D3-BF4B-00C04F79EFBC}") = "CodingTracker.MartinL-no", "CodingTracker.MartinL-no\CodingTracker.MartinL-no.csproj", "{9F4C2B4C-451B-48E1-90ED-83F06A7A7F61}"
EndProject
Global
	GlobalSection(SolutionConfigurationPlatforms) = preSolution
		Debug|Any CPU = Debug|Any CPU
		Release|Any CPU = Release|Any CPU
	EndGlobalSection
	GlobalSection(ProjectConfigurationPlatforms) = postSolution
		{9F4C2B4C-451B-48E1-90ED-83F06A7A7F61}.Debug|Any CPU.ActiveCfg = Debug|Any CPU
		{9F4C2B4C-451B-48E1-90ED-83F06A7A7F61}.Debug|Any CPU.Build.0 = Debug|Any CPU
		{9F4C2B4C-451B-48E1-90ED-83F06A7A7F61}.Release|Any CPU.ActiveCfg = Release|Any CPU
		{9F4C2B4C-451B-48E1-90ED-83F06A7A7F61}.Release|Any CPU.Build.0 = Release|Any CPU
	EndGlobalSection
	GlobalSection(SolutionProperties) = preSolution
		HideSolutionNode = FALSE
	EndGlobalSection
	GlobalSection(ExtensibilityGlobals) = postSolution
		SolutionGuid = {A808C738-3643-4D5B-A7ED-13EACC6F422B}
	EndGlobalSection
EndGlobal
