
Microsoft Visual Studio Solution File, Format Version 12.00
# Visual Studio Version 17
VisualStudioVersion = 17.5.33530.505
MinimumVisualStudioVersion = 10.0.40219.1
Project("{FAE04EC0-301F-11D3-BF4B-00C04F79EFBC}") = "CodingTracker.Speedierone", "CodingTracker.Speedierone\CodingTracker.Speedierone.csproj", "{DE703CBD-8072-4DFA-ADC8-2737F6152E88}"
EndProject
Global
	GlobalSection(SolutionConfigurationPlatforms) = preSolution
		Debug|Any CPU = Debug|Any CPU
		Release|Any CPU = Release|Any CPU
	EndGlobalSection
	GlobalSection(ProjectConfigurationPlatforms) = postSolution
		{DE703CBD-8072-4DFA-ADC8-2737F6152E88}.Debug|Any CPU.ActiveCfg = Debug|Any CPU
		{DE703CBD-8072-4DFA-ADC8-2737F6152E88}.Debug|Any CPU.Build.0 = Debug|Any CPU
		{DE703CBD-8072-4DFA-ADC8-2737F6152E88}.Release|Any CPU.ActiveCfg = Release|Any CPU
		{DE703CBD-8072-4DFA-ADC8-2737F6152E88}.Release|Any CPU.Build.0 = Release|Any CPU
	EndGlobalSection
	GlobalSection(SolutionProperties) = preSolution
		HideSolutionNode = FALSE
	EndGlobalSection
	GlobalSection(ExtensibilityGlobals) = postSolution
		SolutionGuid = {AB3C6FE7-EA23-43F7-AA15-02F6B673122E}
	EndGlobalSection
EndGlobal
