
Microsoft Visual Studio Solution File, Format Version 12.00
# Visual Studio Version 17
VisualStudioVersion = 17.4.33110.190
MinimumVisualStudioVersion = 10.0.40219.1
Project("{FAE04EC0-301F-11D3-BF4B-00C04F79EFBC}") = "CodingTracker.alvaromosconi", "CodingTracker.alvaromosconi\CodingTracker.alvaromosconi.csproj", "{6C9FAA4D-83CF-49AA-8BDD-E43E2058CFDA}"
EndProject
Global
	GlobalSection(SolutionConfigurationPlatforms) = preSolution
		Debug|Any CPU = Debug|Any CPU
		Release|Any CPU = Release|Any CPU
	EndGlobalSection
	GlobalSection(ProjectConfigurationPlatforms) = postSolution
		{6C9FAA4D-83CF-49AA-8BDD-E43E2058CFDA}.Debug|Any CPU.ActiveCfg = Debug|Any CPU
		{6C9FAA4D-83CF-49AA-8BDD-E43E2058CFDA}.Debug|Any CPU.Build.0 = Debug|Any CPU
		{6C9FAA4D-83CF-49AA-8BDD-E43E2058CFDA}.Release|Any CPU.ActiveCfg = Release|Any CPU
		{6C9FAA4D-83CF-49AA-8BDD-E43E2058CFDA}.Release|Any CPU.Build.0 = Release|Any CPU
	EndGlobalSection
	GlobalSection(SolutionProperties) = preSolution
		HideSolutionNode = FALSE
	EndGlobalSection
	GlobalSection(ExtensibilityGlobals) = postSolution
		SolutionGuid = {91467BAF-F6B4-42AF-B164-3AC341B3BDB3}
	EndGlobalSection
EndGlobal
