
Microsoft Visual Studio Solution File, Format Version 12.00
# Visual Studio Version 17
VisualStudioVersion = 17.7.34031.279
MinimumVisualStudioVersion = 10.0.40219.1
Project("{FAE04EC0-301F-11D3-BF4B-00C04F79EFBC}") = "CodingTracker", "CodingTracker\CodingTracker.csproj", "{FABA36CC-26AE-4177-9F4A-1DEAB4285654}"
EndProject
Project("{FAE04EC0-301F-11D3-BF4B-00C04F79EFBC}") = "TCSAHelper", "TCSAHelper\TCSAHelper.csproj", "{7A2257C8-8DAF-42D4-9CF7-6F315A82539E}"
EndProject
Global
	GlobalSection(SolutionConfigurationPlatforms) = preSolution
		Debug|Any CPU = Debug|Any CPU
		Release|Any CPU = Release|Any CPU
	EndGlobalSection
	GlobalSection(ProjectConfigurationPlatforms) = postSolution
		{FABA36CC-26AE-4177-9F4A-1DEAB4285654}.Debug|Any CPU.ActiveCfg = Debug|Any CPU
		{FABA36CC-26AE-4177-9F4A-1DEAB4285654}.Debug|Any CPU.Build.0 = Debug|Any CPU
		{FABA36CC-26AE-4177-9F4A-1DEAB4285654}.Release|Any CPU.ActiveCfg = Release|Any CPU
		{FABA36CC-26AE-4177-9F4A-1DEAB4285654}.Release|Any CPU.Build.0 = Release|Any CPU
		{7A2257C8-8DAF-42D4-9CF7-6F315A82539E}.Debug|Any CPU.ActiveCfg = Debug|Any CPU
		{7A2257C8-8DAF-42D4-9CF7-6F315A82539E}.Debug|Any CPU.Build.0 = Debug|Any CPU
		{7A2257C8-8DAF-42D4-9CF7-6F315A82539E}.Release|Any CPU.ActiveCfg = Release|Any CPU
		{7A2257C8-8DAF-42D4-9CF7-6F315A82539E}.Release|Any CPU.Build.0 = Release|Any CPU
	EndGlobalSection
	GlobalSection(SolutionProperties) = preSolution
		HideSolutionNode = FALSE
	EndGlobalSection
	GlobalSection(ExtensibilityGlobals) = postSolution
		SolutionGuid = {E469074D-4B5C-4AD0-9641-44C5BF644A64}
	EndGlobalSection
EndGlobal
