
Microsoft Visual Studio Solution File, Format Version 12.00
# Visual Studio Version 17
VisualStudioVersion = 17.10.35013.160
MinimumVisualStudioVersion = 10.0.40219.1
Project("{FAE04EC0-301F-11D3-BF4B-00C04F79EFBC}") = "CodingTracker", "CodingTracker\CodingTracker.csproj", "{30FD0B93-FF0B-4254-BD34-1874E860585A}"
EndProject
Global
	GlobalSection(SolutionConfigurationPlatforms) = preSolution
		Debug|Any CPU = Debug|Any CPU
		Release|Any CPU = Release|Any CPU
	EndGlobalSection
	GlobalSection(ProjectConfigurationPlatforms) = postSolution
		{30FD0B93-FF0B-4254-BD34-1874E860585A}.Debug|Any CPU.ActiveCfg = Debug|Any CPU
		{30FD0B93-FF0B-4254-BD34-1874E860585A}.Debug|Any CPU.Build.0 = Debug|Any CPU
		{30FD0B93-FF0B-4254-BD34-1874E860585A}.Release|Any CPU.ActiveCfg = Release|Any CPU
		{30FD0B93-FF0B-4254-BD34-1874E860585A}.Release|Any CPU.Build.0 = Release|Any CPU
	EndGlobalSection
	GlobalSection(SolutionProperties) = preSolution
		HideSolutionNode = FALSE
	EndGlobalSection
	GlobalSection(ExtensibilityGlobals) = postSolution
		SolutionGuid = {0B31F2A7-A269-402B-BD61-BA6EDECACB01}
	EndGlobalSection
EndGlobal
