
Microsoft Visual Studio Solution File, Format Version 12.00
# Visual Studio Version 17
VisualStudioVersion = 17.4.33205.214
MinimumVisualStudioVersion = 10.0.40219.1
Project("{FAE04EC0-301F-11D3-BF4B-00C04F79EFBC}") = "ThePortugueseMan.CodingTracker", "ThePortugueseMan.CodingTracker\ThePortugueseMan.CodingTracker.csproj", "{9B4DF4EC-FE2E-48FB-8872-C51BC20D803A}"
EndProject
Global
	GlobalSection(SolutionConfigurationPlatforms) = preSolution
		Debug|Any CPU = Debug|Any CPU
		Release|Any CPU = Release|Any CPU
	EndGlobalSection
	GlobalSection(ProjectConfigurationPlatforms) = postSolution
		{9B4DF4EC-FE2E-48FB-8872-C51BC20D803A}.Debug|Any CPU.ActiveCfg = Debug|Any CPU
		{9B4DF4EC-FE2E-48FB-8872-C51BC20D803A}.Debug|Any CPU.Build.0 = Debug|Any CPU
		{9B4DF4EC-FE2E-48FB-8872-C51BC20D803A}.Release|Any CPU.ActiveCfg = Release|Any CPU
		{9B4DF4EC-FE2E-48FB-8872-C51BC20D803A}.Release|Any CPU.Build.0 = Release|Any CPU
	EndGlobalSection
	GlobalSection(SolutionProperties) = preSolution
		HideSolutionNode = FALSE
	EndGlobalSection
	GlobalSection(ExtensibilityGlobals) = postSolution
		SolutionGuid = {F247539D-FB61-4ABD-A790-4C8813520E53}
	EndGlobalSection
EndGlobal
