
Microsoft Visual Studio Solution File, Format Version 12.00
# Visual Studio Version 17
VisualStudioVersion = 17.4.33205.214
MinimumVisualStudioVersion = 10.0.40219.1
Project("{9A19103F-16F7-4668-BE54-9A1E7A4F7556}") = "CodingTracker", "CodingTracker.csproj", "{93224FAF-9F34-4E73-B191-14E1278C14CE}"
EndProject
Project("{2150E333-8FDC-42A3-9474-1A3956D46DE8}") = "Solution Items", "Solution Items", "{64190814-086C-4417-A604-8240BEBBA5E1}"
	ProjectSection(SolutionItems) = preProject
		App.config = App.config
		CRUDController.cs = CRUDController.cs
		Validation.cs = Validation.cs
	EndProjectSection
EndProject
Project("{9A19103F-16F7-4668-BE54-9A1E7A4F7556}") = "TestCodingTracker", "..\TestCodingTracker\TestCodingTracker.csproj", "{EE1EB428-B918-4DD0-B0EA-D40AC82BEEDA}"
	ProjectSection(ProjectDependencies) = postProject
		{93224FAF-9F34-4E73-B191-14E1278C14CE} = {93224FAF-9F34-4E73-B191-14E1278C14CE}
	EndProjectSection
EndProject
Global
	GlobalSection(SolutionConfigurationPlatforms) = preSolution
		Debug|Any CPU = Debug|Any CPU
		Release|Any CPU = Release|Any CPU
	EndGlobalSection
	GlobalSection(ProjectConfigurationPlatforms) = postSolution
		{93224FAF-9F34-4E73-B191-14E1278C14CE}.Debug|Any CPU.ActiveCfg = Debug|Any CPU
		{93224FAF-9F34-4E73-B191-14E1278C14CE}.Debug|Any CPU.Build.0 = Debug|Any CPU
		{93224FAF-9F34-4E73-B191-14E1278C14CE}.Release|Any CPU.ActiveCfg = Release|Any CPU
		{93224FAF-9F34-4E73-B191-14E1278C14CE}.Release|Any CPU.Build.0 = Release|Any CPU
		{EE1EB428-B918-4DD0-B0EA-D40AC82BEEDA}.Debug|Any CPU.ActiveCfg = Debug|Any CPU
		{EE1EB428-B918-4DD0-B0EA-D40AC82BEEDA}.Debug|Any CPU.Build.0 = Debug|Any CPU
		{EE1EB428-B918-4DD0-B0EA-D40AC82BEEDA}.Release|Any CPU.ActiveCfg = Release|Any CPU
		{EE1EB428-B918-4DD0-B0EA-D40AC82BEEDA}.Release|Any CPU.Build.0 = Release|Any CPU
	EndGlobalSection
	GlobalSection(SolutionProperties) = preSolution
		HideSolutionNode = FALSE
	EndGlobalSection
	GlobalSection(ExtensibilityGlobals) = postSolution
		SolutionGuid = {C6E706CB-3A64-4F7B-92DF-91FA84362DEC}
	EndGlobalSection
EndGlobal
