
Microsoft Visual Studio Solution File, Format Version 12.00
# Visual Studio Version 17
VisualStudioVersion = 17.6.33723.286
MinimumVisualStudioVersion = 10.0.40219.1
Project("{FAE04EC0-301F-11D3-BF4B-00C04F79EFBC}") = "CondingTracker.Wolffles", "CondingTracker.Wolffles.csproj", "{D13F6D48-D1C0-43CC-89A8-4B2BEE4EE83B}"
EndProject
Global
	GlobalSection(SolutionConfigurationPlatforms) = preSolution
		Debug|Any CPU = Debug|Any CPU
		Release|Any CPU = Release|Any CPU
	EndGlobalSection
	GlobalSection(ProjectConfigurationPlatforms) = postSolution
		{D13F6D48-D1C0-43CC-89A8-4B2BEE4EE83B}.Debug|Any CPU.ActiveCfg = Debug|Any CPU
		{D13F6D48-D1C0-43CC-89A8-4B2BEE4EE83B}.Debug|Any CPU.Build.0 = Debug|Any CPU
		{D13F6D48-D1C0-43CC-89A8-4B2BEE4EE83B}.Release|Any CPU.ActiveCfg = Release|Any CPU
		{D13F6D48-D1C0-43CC-89A8-4B2BEE4EE83B}.Release|Any CPU.Build.0 = Release|Any CPU
	EndGlobalSection
	GlobalSection(SolutionProperties) = preSolution
		HideSolutionNode = FALSE
	EndGlobalSection
	GlobalSection(ExtensibilityGlobals) = postSolution
		SolutionGuid = {29CF77E7-F5EA-418B-BEA4-72596A949272}
	EndGlobalSection
EndGlobal
