
Microsoft Visual Studio Solution File, Format Version 12.00
# Visual Studio Version 17
VisualStudioVersion = 17.5.002.0
MinimumVisualStudioVersion = 10.0.40219.1
Project("{9A19103F-16F7-4668-BE54-9A1E7A4F7556}") = "Coding Tracker", "Coding Tracker.csproj", "{57C546C6-82E2-4406-9625-846DF43528EA}"
EndProject
Global
	GlobalSection(SolutionConfigurationPlatforms) = preSolution
		Debug|Any CPU = Debug|Any CPU
		Release|Any CPU = Release|Any CPU
	EndGlobalSection
	GlobalSection(ProjectConfigurationPlatforms) = postSolution
		{57C546C6-82E2-4406-9625-846DF43528EA}.Debug|Any CPU.ActiveCfg = Debug|Any CPU
		{57C546C6-82E2-4406-9625-846DF43528EA}.Debug|Any CPU.Build.0 = Debug|Any CPU
		{57C546C6-82E2-4406-9625-846DF43528EA}.Release|Any CPU.ActiveCfg = Release|Any CPU
		{57C546C6-82E2-4406-9625-846DF43528EA}.Release|Any CPU.Build.0 = Release|Any CPU
	EndGlobalSection
	GlobalSection(SolutionProperties) = preSolution
		HideSolutionNode = FALSE
	EndGlobalSection
	GlobalSection(ExtensibilityGlobals) = postSolution
		SolutionGuid = {0E0BB3DD-76AC-4F39-8ED8-1C9FF633AE6A}
	EndGlobalSection
EndGlobal
