
Microsoft Visual Studio Solution File, Format Version 12.00
Project("{FAE04EC0-301F-11D3-BF4B-00C04F79EFBC}") = "CodingTracker", "CodingTracker.csproj", "{238A10B2-2482-4428-AA2E-6769E3C7D564}"
EndProject
Global
	GlobalSection(SolutionConfigurationPlatforms) = preSolution
		Debug|Any CPU = Debug|Any CPU
		Release|Any CPU = Release|Any CPU
	EndGlobalSection
	GlobalSection(ProjectConfigurationPlatforms) = postSolution
		{238A10B2-2482-4428-AA2E-6769E3C7D564}.Debug|Any CPU.ActiveCfg = Debug|Any CPU
		{238A10B2-2482-4428-AA2E-6769E3C7D564}.Debug|Any CPU.Build.0 = Debug|Any CPU
		{238A10B2-2482-4428-AA2E-6769E3C7D564}.Release|Any CPU.ActiveCfg = Release|Any CPU
		{238A10B2-2482-4428-AA2E-6769E3C7D564}.Release|Any CPU.Build.0 = Release|Any CPU
	EndGlobalSection
EndGlobal
