
Microsoft Visual Studio Solution File, Format Version 12.00
# Visual Studio Version 17
VisualStudioVersion = 17.6.33723.286
MinimumVisualStudioVersion = 10.0.40219.1
Project("{9A19103F-16F7-4668-BE54-9A1E7A4F7556}") = "CodingTracker.Wolffles", "CodingTracker.Wolffles.csproj", "{DC49389F-8CB7-46E5-A144-8FE0007B60F6}"
EndProject
Global
	GlobalSection(SolutionConfigurationPlatforms) = preSolution
		Debug|Any CPU = Debug|Any CPU
		Release|Any CPU = Release|Any CPU
	EndGlobalSection
	GlobalSection(ProjectConfigurationPlatforms) = postSolution
		{DC49389F-8CB7-46E5-A144-8FE0007B60F6}.Debug|Any CPU.ActiveCfg = Debug|Any CPU
		{DC49389F-8CB7-46E5-A144-8FE0007B60F6}.Debug|Any CPU.Build.0 = Debug|Any CPU
		{DC49389F-8CB7-46E5-A144-8FE0007B60F6}.Release|Any CPU.ActiveCfg = Release|Any CPU
		{DC49389F-8CB7-46E5-A144-8FE0007B60F6}.Release|Any CPU.Build.0 = Release|Any CPU
	EndGlobalSection
	GlobalSection(SolutionProperties) = preSolution
		HideSolutionNode = FALSE
	EndGlobalSection
	GlobalSection(ExtensibilityGlobals) = postSolution
		SolutionGuid = {73518B6B-4EE1-4694-B1F0-67894AF187D7}
	EndGlobalSection
EndGlobal
