
Microsoft Visual Studio Solution File, Format Version 12.00
# Visual Studio Version 17
VisualStudioVersion = 17.4.33213.308
MinimumVisualStudioVersion = 10.0.40219.1
Project("{FAE04EC0-301F-11D3-BF4B-00C04F79EFBC}") = "CodingTracker.kraven88", "CodingTracker.kraven88.csproj", "{B4C45EB7-6CC5-46CE-AC47-12A09AB5F7CE}"
EndProject
Global
	GlobalSection(SolutionConfigurationPlatforms) = preSolution
		Debug|Any CPU = Debug|Any CPU
		Release|Any CPU = Release|Any CPU
	EndGlobalSection
	GlobalSection(ProjectConfigurationPlatforms) = postSolution
		{B4C45EB7-6CC5-46CE-AC47-12A09AB5F7CE}.Debug|Any CPU.ActiveCfg = Debug|Any CPU
		{B4C45EB7-6CC5-46CE-AC47-12A09AB5F7CE}.Debug|Any CPU.Build.0 = Debug|Any CPU
		{B4C45EB7-6CC5-46CE-AC47-12A09AB5F7CE}.Release|Any CPU.ActiveCfg = Release|Any CPU
		{B4C45EB7-6CC5-46CE-AC47-12A09AB5F7CE}.Release|Any CPU.Build.0 = Release|Any CPU
	EndGlobalSection
	GlobalSection(SolutionProperties) = preSolution
		HideSolutionNode = FALSE
	EndGlobalSection
	GlobalSection(ExtensibilityGlobals) = postSolution
		SolutionGuid = {4A9EC3D7-5BC2-4690-8154-AB01C16044F5}
	EndGlobalSection
EndGlobal
