
Microsoft Visual Studio Solution File, Format Version 12.00
# Visual Studio Version 17
VisualStudioVersion = 17.5.002.0
MinimumVisualStudioVersion = 10.0.40219.1
Project("{9A19103F-16F7-4668-BE54-9A1E7A4F7556}") = "CodingTracker.kwm0304", "CodingTracker.kwm0304.csproj", "{A661107A-D600-49C0-A069-905DA5110CA0}"
EndProject
Global
	GlobalSection(SolutionConfigurationPlatforms) = preSolution
		Debug|Any CPU = Debug|Any CPU
		Release|Any CPU = Release|Any CPU
	EndGlobalSection
	GlobalSection(ProjectConfigurationPlatforms) = postSolution
		{A661107A-D600-49C0-A069-905DA5110CA0}.Debug|Any CPU.ActiveCfg = Debug|Any CPU
		{A661107A-D600-49C0-A069-905DA5110CA0}.Debug|Any CPU.Build.0 = Debug|Any CPU
		{A661107A-D600-49C0-A069-905DA5110CA0}.Release|Any CPU.ActiveCfg = Release|Any CPU
		{A661107A-D600-49C0-A069-905DA5110CA0}.Release|Any CPU.Build.0 = Release|Any CPU
	EndGlobalSection
	GlobalSection(SolutionProperties) = preSolution
		HideSolutionNode = FALSE
	EndGlobalSection
	GlobalSection(ExtensibilityGlobals) = postSolution
		SolutionGuid = {11CCB5FB-7231-4203-9E95-F6FAA47B1C81}
	EndGlobalSection
EndGlobal
