
Microsoft Visual Studio Solution File, Format Version 12.00
# Visual Studio Version 17
VisualStudioVersion = 17.3.32819.101
MinimumVisualStudioVersion = 10.0.40219.1
Project("{9A19103F-16F7-4668-BE54-9A1E7A4F7556}") = "CodingTrackerConsole", "CodingTrackerConsole\CodingTrackerConsole.csproj", "{41386C93-C86E-4B86-A525-5696F1749B8B}"
EndProject
Project("{FAE04EC0-301F-11D3-BF4B-00C04F79EFBC}") = "CodingTrackerConsole.Test", "CodingTrackerConsole.Test\CodingTrackerConsole.Test.csproj", "{9056A700-A338-4027-BA7D-DCFF985FBB71}"
EndProject
Global
	GlobalSection(SolutionConfigurationPlatforms) = preSolution
		Debug|Any CPU = Debug|Any CPU
		Release|Any CPU = Release|Any CPU
	EndGlobalSection
	GlobalSection(ProjectConfigurationPlatforms) = postSolution
		{41386C93-C86E-4B86-A525-5696F1749B8B}.Debug|Any CPU.ActiveCfg = Debug|Any CPU
		{41386C93-C86E-4B86-A525-5696F1749B8B}.Debug|Any CPU.Build.0 = Debug|Any CPU
		{41386C93-C86E-4B86-A525-5696F1749B8B}.Release|Any CPU.ActiveCfg = Release|Any CPU
		{41386C93-C86E-4B86-A525-5696F1749B8B}.Release|Any CPU.Build.0 = Release|Any CPU
		{9056A700-A338-4027-BA7D-DCFF985FBB71}.Debug|Any CPU.ActiveCfg = Debug|Any CPU
		{9056A700-A338-4027-BA7D-DCFF985FBB71}.Debug|Any CPU.Build.0 = Debug|Any CPU
		{9056A700-A338-4027-BA7D-DCFF985FBB71}.Release|Any CPU.ActiveCfg = Release|Any CPU
		{9056A700-A338-4027-BA7D-DCFF985FBB71}.Release|Any CPU.Build.0 = Release|Any CPU
	EndGlobalSection
	GlobalSection(SolutionProperties) = preSolution
		HideSolutionNode = FALSE
	EndGlobalSection
	GlobalSection(ExtensibilityGlobals) = postSolution
		SolutionGuid = {8DA9CEA4-ABE1-4429-AAE1-FF44E67A6FF7}
	EndGlobalSection
EndGlobal
