
Microsoft Visual Studio Solution File, Format Version 12.00
# Visual Studio Version 17
VisualStudioVersion = 17.6.33829.357
MinimumVisualStudioVersion = 10.0.40219.1
Project("{FAE04EC0-301F-11D3-BF4B-00C04F79EFBC}") = "CodingTracker.TomDonegan", "CodingTracker.TomDonegan.csproj", "{01EBC48A-9D97-41FB-A3CF-DEF7F91D82CB}"
EndProject
Global
	GlobalSection(SolutionConfigurationPlatforms) = preSolution
		Debug|Any CPU = Debug|Any CPU
		Release|Any CPU = Release|Any CPU
	EndGlobalSection
	GlobalSection(ProjectConfigurationPlatforms) = postSolution
		{01EBC48A-9D97-41FB-A3CF-DEF7F91D82CB}.Debug|Any CPU.ActiveCfg = Debug|Any CPU
		{01EBC48A-9D97-41FB-A3CF-DEF7F91D82CB}.Debug|Any CPU.Build.0 = Debug|Any CPU
		{01EBC48A-9D97-41FB-A3CF-DEF7F91D82CB}.Release|Any CPU.ActiveCfg = Release|Any CPU
		{01EBC48A-9D97-41FB-A3CF-DEF7F91D82CB}.Release|Any CPU.Build.0 = Release|Any CPU
	EndGlobalSection
	GlobalSection(SolutionProperties) = preSolution
		HideSolutionNode = FALSE
	EndGlobalSection
	GlobalSection(ExtensibilityGlobals) = postSolution
		SolutionGuid = {9A42B888-6B36-402F-98DB-280432FF54DC}
	EndGlobalSection
EndGlobal
