
Microsoft Visual Studio Solution File, Format Version 12.00
# Visual Studio Version 17
VisualStudioVersion = 17.5.002.0
MinimumVisualStudioVersion = 10.0.40219.1
Project("{9A19103F-16F7-4668-BE54-9A1E7A4F7556}") = "CodingTracker.jkjones98", "CodingTracker.jkjones98.csproj", "{A9E3D4F3-E9D9-461C-92F0-3DF90E4025F2}"
EndProject
Global
	GlobalSection(SolutionConfigurationPlatforms) = preSolution
		Debug|Any CPU = Debug|Any CPU
		Release|Any CPU = Release|Any CPU
	EndGlobalSection
	GlobalSection(ProjectConfigurationPlatforms) = postSolution
		{A9E3D4F3-E9D9-461C-92F0-3DF90E4025F2}.Debug|Any CPU.ActiveCfg = Debug|Any CPU
		{A9E3D4F3-E9D9-461C-92F0-3DF90E4025F2}.Debug|Any CPU.Build.0 = Debug|Any CPU
		{A9E3D4F3-E9D9-461C-92F0-3DF90E4025F2}.Release|Any CPU.ActiveCfg = Release|Any CPU
		{A9E3D4F3-E9D9-461C-92F0-3DF90E4025F2}.Release|Any CPU.Build.0 = Release|Any CPU
	EndGlobalSection
	GlobalSection(SolutionProperties) = preSolution
		HideSolutionNode = FALSE
	EndGlobalSection
	GlobalSection(ExtensibilityGlobals) = postSolution
		SolutionGuid = {C748CE90-702E-43E6-979B-1ECEEADAF4F4}
	EndGlobalSection
EndGlobal
