
Microsoft Visual Studio Solution File, Format Version 12.00
# Visual Studio Version 17
VisualStudioVersion = 17.14.36603.0 d17.14
MinimumVisualStudioVersion = 10.0.40219.1
Project("{FAE04EC0-301F-11D3-BF4B-00C04F79EFBC}") = "CodingTracker", "CodingTracker\CodingTracker.csproj", "{07C520CB-0D28-4F9F-8AA1-2DF49033AF0A}"
EndProject
Global
	GlobalSection(SolutionConfigurationPlatforms) = preSolution
		Debug|Any CPU = Debug|Any CPU
		Release|Any CPU = Release|Any CPU
	EndGlobalSection
	GlobalSection(ProjectConfigurationPlatforms) = postSolution
		{07C520CB-0D28-4F9F-8AA1-2DF49033AF0A}.Debug|Any CPU.ActiveCfg = Debug|Any CPU
		{07C520CB-0D28-4F9F-8AA1-2DF49033AF0A}.Debug|Any CPU.Build.0 = Debug|Any CPU
		{07C520CB-0D28-4F9F-8AA1-2DF49033AF0A}.Release|Any CPU.ActiveCfg = Release|Any CPU
		{07C520CB-0D28-4F9F-8AA1-2DF49033AF0A}.Release|Any CPU.Build.0 = Release|Any CPU
	EndGlobalSection
	GlobalSection(SolutionProperties) = preSolution
		HideSolutionNode = FALSE
	EndGlobalSection
	GlobalSection(ExtensibilityGlobals) = postSolution
		SolutionGuid = {BF91527D-58DD-4841-92B7-8AA1ACEA494C}
	EndGlobalSection
EndGlobal
