
Microsoft Visual Studio Solution File, Format Version 12.00
# Visual Studio Version 17
VisualStudioVersion = 17.10.35013.160
MinimumVisualStudioVersion = 10.0.40219.1
Project("{FAE04EC0-301F-11D3-BF4B-00C04F79EFBC}") = "CodingTracker", "CodingTracker\CodingTracker.csproj", "{4D1F312F-4FA1-49DA-9B2B-021F356F63E2}"
EndProject
Project("{FAE04EC0-301F-11D3-BF4B-00C04F79EFBC}") = "FancyMenu", "FancyMenu\FancyMenu.csproj", "{BBA6C863-F883-4B42-B42F-12EF7F724159}"
EndProject
Global
	GlobalSection(SolutionConfigurationPlatforms) = preSolution
		Debug|Any CPU = Debug|Any CPU
		Release|Any CPU = Release|Any CPU
	EndGlobalSection
	GlobalSection(ProjectConfigurationPlatforms) = postSolution
		{4D1F312F-4FA1-49DA-9B2B-021F356F63E2}.Debug|Any CPU.ActiveCfg = Debug|Any CPU
		{4D1F312F-4FA1-49DA-9B2B-021F356F63E2}.Debug|Any CPU.Build.0 = Debug|Any CPU
		{4D1F312F-4FA1-49DA-9B2B-021F356F63E2}.Release|Any CPU.ActiveCfg = Release|Any CPU
		{4D1F312F-4FA1-49DA-9B2B-021F356F63E2}.Release|Any CPU.Build.0 = Release|Any CPU
		{BBA6C863-F883-4B42-B42F-12EF7F724159}.Debug|Any CPU.ActiveCfg = Debug|Any CPU
		{BBA6C863-F883-4B42-B42F-12EF7F724159}.Debug|Any CPU.Build.0 = Debug|Any CPU
		{BBA6C863-F883-4B42-B42F-12EF7F724159}.Release|Any CPU.ActiveCfg = Release|Any CPU
		{BBA6C863-F883-4B42-B42F-12EF7F724159}.Release|Any CPU.Build.0 = Release|Any CPU
	EndGlobalSection
	GlobalSection(SolutionProperties) = preSolution
		HideSolutionNode = FALSE
	EndGlobalSection
	GlobalSection(ExtensibilityGlobals) = postSolution
		SolutionGuid = {001822FA-AA57-4391-ACB6-621906452CCE}
	EndGlobalSection
EndGlobal
