
Microsoft Visual Studio Solution File, Format Version 12.00
Project("{FAE04EC0-301F-11D3-BF4B-00C04F79EFBC}") = "CodingTracker.StevieTV", "CodingTracker.StevieTV\CodingTracker.StevieTV.csproj", "{2C928357-7C2B-42A4-81B7-E6D18441046E}"
EndProject
Global
	GlobalSection(SolutionConfigurationPlatforms) = preSolution
		Debug|Any CPU = Debug|Any CPU
		Release|Any CPU = Release|Any CPU
	EndGlobalSection
	GlobalSection(ProjectConfigurationPlatforms) = postSolution
		{2C928357-7C2B-42A4-81B7-E6D18441046E}.Debug|Any CPU.ActiveCfg = Debug|Any CPU
		{2C928357-7C2B-42A4-81B7-E6D18441046E}.Debug|Any CPU.Build.0 = Debug|Any CPU
		{2C928357-7C2B-42A4-81B7-E6D18441046E}.Release|Any CPU.ActiveCfg = Release|Any CPU
		{2C928357-7C2B-42A4-81B7-E6D18441046E}.Release|Any CPU.Build.0 = Release|Any CPU
	EndGlobalSection
EndGlobal
