
Microsoft Visual Studio Solution File, Format Version 12.00
# Visual Studio Version 17
VisualStudioVersion = 17.0.31903.59
MinimumVisualStudioVersion = 10.0.40219.1
Project("{FAE04EC0-301F-11D3-BF4B-00C04F79EFBC}") = "CodingTrackerProgram", "CodingTrackerProgram\CodingTrackerProgram.csproj", "{8276F438-8F8C-4024-B19D-A10FEEE185DA}"
EndProject
Project("{FAE04EC0-301F-11D3-BF4B-00C04F79EFBC}") = "Input", "Input\Input.csproj", "{01A9A7F4-3E3C-4C24-BAEF-815914BD9AE3}"
EndProject
Global
	GlobalSection(SolutionConfigurationPlatforms) = preSolution
		Debug|Any CPU = Debug|Any CPU
		Release|Any CPU = Release|Any CPU
	EndGlobalSection
	GlobalSection(SolutionProperties) = preSolution
		HideSolutionNode = FALSE
	EndGlobalSection
	GlobalSection(ProjectConfigurationPlatforms) = postSolution
		{8276F438-8F8C-4024-B19D-A10FEEE185DA}.Debug|Any CPU.ActiveCfg = Debug|Any CPU
		{8276F438-8F8C-4024-B19D-A10FEEE185DA}.Debug|Any CPU.Build.0 = Debug|Any CPU
		{8276F438-8F8C-4024-B19D-A10FEEE185DA}.Release|Any CPU.ActiveCfg = Release|Any CPU
		{8276F438-8F8C-4024-B19D-A10FEEE185DA}.Release|Any CPU.Build.0 = Release|Any CPU
		{01A9A7F4-3E3C-4C24-BAEF-815914BD9AE3}.Debug|Any CPU.ActiveCfg = Debug|Any CPU
		{01A9A7F4-3E3C-4C24-BAEF-815914BD9AE3}.Debug|Any CPU.Build.0 = Debug|Any CPU
		{01A9A7F4-3E3C-4C24-BAEF-815914BD9AE3}.Release|Any CPU.ActiveCfg = Release|Any CPU
		{01A9A7F4-3E3C-4C24-BAEF-815914BD9AE3}.Release|Any CPU.Build.0 = Release|Any CPU
	EndGlobalSection
EndGlobal
