
Microsoft Visual Studio Solution File, Format Version 12.00
# Visual Studio Version 17
VisualStudioVersion = 17.5.33530.505
MinimumVisualStudioVersion = 10.0.40219.1
Project("{9A19103F-16F7-4668-BE54-9A1E7A4F7556}") = "CodingTracker.csm-stough", "CodingTracker.csm-stough.csproj", "{D2009EDA-106E-456A-B641-224C1234BE47}"
EndProject
Global
	GlobalSection(SolutionConfigurationPlatforms) = preSolution
		Debug|Any CPU = Debug|Any CPU
		Release|Any CPU = Release|Any CPU
	EndGlobalSection
	GlobalSection(ProjectConfigurationPlatforms) = postSolution
		{D2009EDA-106E-456A-B641-224C1234BE47}.Debug|Any CPU.ActiveCfg = Debug|Any CPU
		{D2009EDA-106E-456A-B641-224C1234BE47}.Debug|Any CPU.Build.0 = Debug|Any CPU
		{D2009EDA-106E-456A-B641-224C1234BE47}.Release|Any CPU.ActiveCfg = Release|Any CPU
		{D2009EDA-106E-456A-B641-224C1234BE47}.Release|Any CPU.Build.0 = Release|Any CPU
	EndGlobalSection
	GlobalSection(SolutionProperties) = preSolution
		HideSolutionNode = FALSE
	EndGlobalSection
	GlobalSection(ExtensibilityGlobals) = postSolution
		SolutionGuid = {7316190D-BDFD-43CF-8C0F-9911FB9B8B07}
	EndGlobalSection
EndGlobal
