
Microsoft Visual Studio Solution File, Format Version 12.00
Project("{FAE04EC0-301F-11D3-BF4B-00C04F79EFBC}") = "CodingTracker.kalsson", "CodingTracker.kalsson\CodingTracker.kalsson.csproj", "{9923A107-BADB-4285-BDBD-DE6DCEBB34EC}"
EndProject
Project("{FAE04EC0-301F-11D3-BF4B-00C04F79EFBC}") = "CodingTracker.Tests", "CodingTracker.Tests\CodingTracker.Tests.csproj", "{02B56494-5794-4887-A854-EE72BFA68BF9}"
EndProject
Global
	GlobalSection(SolutionConfigurationPlatforms) = preSolution
		Debug|Any CPU = Debug|Any CPU
		Release|Any CPU = Release|Any CPU
	EndGlobalSection
	GlobalSection(ProjectConfigurationPlatforms) = postSolution
		{9923A107-BADB-4285-BDBD-DE6DCEBB34EC}.Debug|Any CPU.ActiveCfg = Debug|Any CPU
		{9923A107-BADB-4285-BDBD-DE6DCEBB34EC}.Debug|Any CPU.Build.0 = Debug|Any CPU
		{9923A107-BADB-4285-BDBD-DE6DCEBB34EC}.Release|Any CPU.ActiveCfg = Release|Any CPU
		{9923A107-BADB-4285-BDBD-DE6DCEBB34EC}.Release|Any CPU.Build.0 = Release|Any CPU
		{02B56494-5794-4887-A854-EE72BFA68BF9}.Debug|Any CPU.ActiveCfg = Debug|Any CPU
		{02B56494-5794-4887-A854-EE72BFA68BF9}.Debug|Any CPU.Build.0 = Debug|Any CPU
		{02B56494-5794-4887-A854-EE72BFA68BF9}.Release|Any CPU.ActiveCfg = Release|Any CPU
		{02B56494-5794-4887-A854-EE72BFA68BF9}.Release|Any CPU.Build.0 = Release|Any CPU
	EndGlobalSection
EndGlobal
